
Microsoft Visual Studio Solution File, Format Version 12.00
# Visual Studio Version 16
VisualStudioVersion = 16.0.32228.343
MinimumVisualStudioVersion = 10.0.40219.1
Project("{9A19103F-16F7-4668-BE54-9A1E7A4F7556}") = "HomeWorks(Start-8)", "HomeWorks(Start-8)\HomeWorks(Start-8).csproj", "{137AE690-E643-421B-8EB9-240C60FF1033}"
EndProject
Project("{9A19103F-16F7-4668-BE54-9A1E7A4F7556}") = "9.Access Modifier-2", "9.Access Modifier-2\9.Access Modifier-2.csproj", "{7585BB75-B278-42BA-8720-80636B01544D}"
EndProject
Project("{9A19103F-16F7-4668-BE54-9A1E7A4F7556}") = "10.Abstraction", "10.Abstraction\10.Abstraction.csproj", "{50FE7F66-E208-4A9A-BE72-485E22CDA489}"
EndProject
Project("{9A19103F-16F7-4668-BE54-9A1E7A4F7556}") = "11. Polymorphism", "11. Polymorphism\11. Polymorphism.csproj", "{4F70EE1F-2EBB-49BA-A3E5-FD61D9A8980F}"
EndProject
Project("{FAE04EC0-301F-11D3-BF4B-00C04F79EFBC}") = "12.StaticTask-1", "12.StaticTask-1\12.StaticTask-1.csproj", "{D80A5B42-6CFD-441A-90A4-299F4BEF1364}"
EndProject
Global
	GlobalSection(SolutionConfigurationPlatforms) = preSolution
		Debug|Any CPU = Debug|Any CPU
		Release|Any CPU = Release|Any CPU
	EndGlobalSection
	GlobalSection(ProjectConfigurationPlatforms) = postSolution
		{137AE690-E643-421B-8EB9-240C60FF1033}.Debug|Any CPU.ActiveCfg = Debug|Any CPU
		{137AE690-E643-421B-8EB9-240C60FF1033}.Debug|Any CPU.Build.0 = Debug|Any CPU
		{137AE690-E643-421B-8EB9-240C60FF1033}.Release|Any CPU.ActiveCfg = Release|Any CPU
		{137AE690-E643-421B-8EB9-240C60FF1033}.Release|Any CPU.Build.0 = Release|Any CPU
		{7585BB75-B278-42BA-8720-80636B01544D}.Debug|Any CPU.ActiveCfg = Debug|Any CPU
		{7585BB75-B278-42BA-8720-80636B01544D}.Debug|Any CPU.Build.0 = Debug|Any CPU
		{7585BB75-B278-42BA-8720-80636B01544D}.Release|Any CPU.ActiveCfg = Release|Any CPU
		{7585BB75-B278-42BA-8720-80636B01544D}.Release|Any CPU.Build.0 = Release|Any CPU
		{50FE7F66-E208-4A9A-BE72-485E22CDA489}.Debug|Any CPU.ActiveCfg = Debug|Any CPU
		{50FE7F66-E208-4A9A-BE72-485E22CDA489}.Debug|Any CPU.Build.0 = Debug|Any CPU
		{50FE7F66-E208-4A9A-BE72-485E22CDA489}.Release|Any CPU.ActiveCfg = Release|Any CPU
		{50FE7F66-E208-4A9A-BE72-485E22CDA489}.Release|Any CPU.Build.0 = Release|Any CPU
		{4F70EE1F-2EBB-49BA-A3E5-FD61D9A8980F}.Debug|Any CPU.ActiveCfg = Debug|Any CPU
		{4F70EE1F-2EBB-49BA-A3E5-FD61D9A8980F}.Debug|Any CPU.Build.0 = Debug|Any CPU
		{4F70EE1F-2EBB-49BA-A3E5-FD61D9A8980F}.Release|Any CPU.ActiveCfg = Release|Any CPU
		{4F70EE1F-2EBB-49BA-A3E5-FD61D9A8980F}.Release|Any CPU.Build.0 = Release|Any CPU
		{D80A5B42-6CFD-441A-90A4-299F4BEF1364}.Debug|Any CPU.ActiveCfg = Debug|Any CPU
		{D80A5B42-6CFD-441A-90A4-299F4BEF1364}.Debug|Any CPU.Build.0 = Debug|Any CPU
		{D80A5B42-6CFD-441A-90A4-299F4BEF1364}.Release|Any CPU.ActiveCfg = Release|Any CPU
		{D80A5B42-6CFD-441A-90A4-299F4BEF1364}.Release|Any CPU.Build.0 = Release|Any CPU
	EndGlobalSection
	GlobalSection(SolutionProperties) = preSolution
		HideSolutionNode = FALSE
	EndGlobalSection
	GlobalSection(ExtensibilityGlobals) = postSolution
		SolutionGuid = {75AF0B19-BFF2-4588-8E95-0AFB2ED144AB}
	EndGlobalSection
EndGlobal
