
Microsoft Visual Studio Solution File, Format Version 12.00
# Visual Studio Version 16
VisualStudioVersion = 16.0.32228.343
MinimumVisualStudioVersion = 10.0.40219.1
Project("{FAE04EC0-301F-11D3-BF4B-00C04F79EFBC}") = "ConsoleApp18", "ConsoleApp18\ConsoleApp18.csproj", "{44473FBB-34E3-4173-A76A-79E2C3D1416B}"
EndProject
Global
	GlobalSection(SolutionConfigurationPlatforms) = preSolution
		Debug|Any CPU = Debug|Any CPU
		Release|Any CPU = Release|Any CPU
	EndGlobalSection
	GlobalSection(ProjectConfigurationPlatforms) = postSolution
		{44473FBB-34E3-4173-A76A-79E2C3D1416B}.Debug|Any CPU.ActiveCfg = Debug|Any CPU
		{44473FBB-34E3-4173-A76A-79E2C3D1416B}.Debug|Any CPU.Build.0 = Debug|Any CPU
		{44473FBB-34E3-4173-A76A-79E2C3D1416B}.Release|Any CPU.ActiveCfg = Release|Any CPU
		{44473FBB-34E3-4173-A76A-79E2C3D1416B}.Release|Any CPU.Build.0 = Release|Any CPU
	EndGlobalSection
	GlobalSection(SolutionProperties) = preSolution
		HideSolutionNode = FALSE
	EndGlobalSection
	GlobalSection(ExtensibilityGlobals) = postSolution
		SolutionGuid = {E9ADE401-13BD-49C5-80B9-6C24B660F3AB}
	EndGlobalSection
EndGlobal
