
Microsoft Visual Studio Solution File, Format Version 12.00
# Visual Studio Version 16
VisualStudioVersion = 16.0.32228.343
MinimumVisualStudioVersion = 10.0.40219.1
Project("{FAE04EC0-301F-11D3-BF4B-00C04F79EFBC}") = "Classwork(Start-8)", "Classwork(Start-8)\Classwork(Start-8).csproj", "{E54EFB2E-CE26-4EC0-B28A-990BC71267C2}"
EndProject
Project("{FAE04EC0-301F-11D3-BF4B-00C04F79EFBC}") = "Classwork-9", "Classwork-9\Classwork-9.csproj", "{B28F5BB5-B78C-4999-9102-BB1ABC220EB3}"
EndProject
Project("{FAE04EC0-301F-11D3-BF4B-00C04F79EFBC}") = "Classwork-10", "Classwork-10\Classwork-10.csproj", "{7DC36EAF-92E1-4EE0-9988-915A2C15A090}"
EndProject
Global
	GlobalSection(SolutionConfigurationPlatforms) = preSolution
		Debug|Any CPU = Debug|Any CPU
		Release|Any CPU = Release|Any CPU
	EndGlobalSection
	GlobalSection(ProjectConfigurationPlatforms) = postSolution
		{E54EFB2E-CE26-4EC0-B28A-990BC71267C2}.Debug|Any CPU.ActiveCfg = Debug|Any CPU
		{E54EFB2E-CE26-4EC0-B28A-990BC71267C2}.Debug|Any CPU.Build.0 = Debug|Any CPU
		{E54EFB2E-CE26-4EC0-B28A-990BC71267C2}.Release|Any CPU.ActiveCfg = Release|Any CPU
		{E54EFB2E-CE26-4EC0-B28A-990BC71267C2}.Release|Any CPU.Build.0 = Release|Any CPU
		{B28F5BB5-B78C-4999-9102-BB1ABC220EB3}.Debug|Any CPU.ActiveCfg = Debug|Any CPU
		{B28F5BB5-B78C-4999-9102-BB1ABC220EB3}.Debug|Any CPU.Build.0 = Debug|Any CPU
		{B28F5BB5-B78C-4999-9102-BB1ABC220EB3}.Release|Any CPU.ActiveCfg = Release|Any CPU
		{B28F5BB5-B78C-4999-9102-BB1ABC220EB3}.Release|Any CPU.Build.0 = Release|Any CPU
		{7DC36EAF-92E1-4EE0-9988-915A2C15A090}.Debug|Any CPU.ActiveCfg = Debug|Any CPU
		{7DC36EAF-92E1-4EE0-9988-915A2C15A090}.Debug|Any CPU.Build.0 = Debug|Any CPU
		{7DC36EAF-92E1-4EE0-9988-915A2C15A090}.Release|Any CPU.ActiveCfg = Release|Any CPU
		{7DC36EAF-92E1-4EE0-9988-915A2C15A090}.Release|Any CPU.Build.0 = Release|Any CPU
	EndGlobalSection
	GlobalSection(SolutionProperties) = preSolution
		HideSolutionNode = FALSE
	EndGlobalSection
	GlobalSection(ExtensibilityGlobals) = postSolution
		SolutionGuid = {FC92CDE3-7D69-45F0-AB70-ED54E7FA3933}
	EndGlobalSection
EndGlobal
