
Microsoft Visual Studio Solution File, Format Version 12.00
# Visual Studio Version 16
VisualStudioVersion = 16.0.32228.343
MinimumVisualStudioVersion = 10.0.40219.1
Project("{FAE04EC0-301F-11D3-BF4B-00C04F79EFBC}") = "methods", "methods\methods.csproj", "{B4696F34-BB3D-46EA-B827-57130A893B69}"
EndProject
Global
	GlobalSection(SolutionConfigurationPlatforms) = preSolution
		Debug|Any CPU = Debug|Any CPU
		Release|Any CPU = Release|Any CPU
	EndGlobalSection
	GlobalSection(ProjectConfigurationPlatforms) = postSolution
		{B4696F34-BB3D-46EA-B827-57130A893B69}.Debug|Any CPU.ActiveCfg = Debug|Any CPU
		{B4696F34-BB3D-46EA-B827-57130A893B69}.Debug|Any CPU.Build.0 = Debug|Any CPU
		{B4696F34-BB3D-46EA-B827-57130A893B69}.Release|Any CPU.ActiveCfg = Release|Any CPU
		{B4696F34-BB3D-46EA-B827-57130A893B69}.Release|Any CPU.Build.0 = Release|Any CPU
	EndGlobalSection
	GlobalSection(SolutionProperties) = preSolution
		HideSolutionNode = FALSE
	EndGlobalSection
	GlobalSection(ExtensibilityGlobals) = postSolution
		SolutionGuid = {B331DAB0-4345-4612-8BA4-10D506029B13}
	EndGlobalSection
EndGlobal
