
Microsoft Visual Studio Solution File, Format Version 12.00
# Visual Studio Version 16
VisualStudioVersion = 16.0.32228.343
MinimumVisualStudioVersion = 10.0.40219.1
Project("{FAE04EC0-301F-11D3-BF4B-00C04F79EFBC}") = "ConsoleApp8", "ConsoleApp8\ConsoleApp8.csproj", "{09DC2A73-45F4-41FC-A59B-E59D74AC5C51}"
EndProject
Global
	GlobalSection(SolutionConfigurationPlatforms) = preSolution
		Debug|Any CPU = Debug|Any CPU
		Release|Any CPU = Release|Any CPU
	EndGlobalSection
	GlobalSection(ProjectConfigurationPlatforms) = postSolution
		{09DC2A73-45F4-41FC-A59B-E59D74AC5C51}.Debug|Any CPU.ActiveCfg = Debug|Any CPU
		{09DC2A73-45F4-41FC-A59B-E59D74AC5C51}.Debug|Any CPU.Build.0 = Debug|Any CPU
		{09DC2A73-45F4-41FC-A59B-E59D74AC5C51}.Release|Any CPU.ActiveCfg = Release|Any CPU
		{09DC2A73-45F4-41FC-A59B-E59D74AC5C51}.Release|Any CPU.Build.0 = Release|Any CPU
	EndGlobalSection
	GlobalSection(SolutionProperties) = preSolution
		HideSolutionNode = FALSE
	EndGlobalSection
	GlobalSection(ExtensibilityGlobals) = postSolution
		SolutionGuid = {E755F92F-3801-4334-84B7-3569847DD75E}
	EndGlobalSection
EndGlobal
