
Microsoft Visual Studio Solution File, Format Version 12.00
# Visual Studio Version 16
VisualStudioVersion = 16.0.32228.343
MinimumVisualStudioVersion = 10.0.40219.1
Project("{FAE04EC0-301F-11D3-BF4B-00C04F79EFBC}") = "ConsoleApp20", "ConsoleApp20\ConsoleApp20.csproj", "{F73C5FEB-8DA9-47BC-B194-7A4FC0898CFF}"
EndProject
Global
	GlobalSection(SolutionConfigurationPlatforms) = preSolution
		Debug|Any CPU = Debug|Any CPU
		Release|Any CPU = Release|Any CPU
	EndGlobalSection
	GlobalSection(ProjectConfigurationPlatforms) = postSolution
		{F73C5FEB-8DA9-47BC-B194-7A4FC0898CFF}.Debug|Any CPU.ActiveCfg = Debug|Any CPU
		{F73C5FEB-8DA9-47BC-B194-7A4FC0898CFF}.Debug|Any CPU.Build.0 = Debug|Any CPU
		{F73C5FEB-8DA9-47BC-B194-7A4FC0898CFF}.Release|Any CPU.ActiveCfg = Release|Any CPU
		{F73C5FEB-8DA9-47BC-B194-7A4FC0898CFF}.Release|Any CPU.Build.0 = Release|Any CPU
	EndGlobalSection
	GlobalSection(SolutionProperties) = preSolution
		HideSolutionNode = FALSE
	EndGlobalSection
	GlobalSection(ExtensibilityGlobals) = postSolution
		SolutionGuid = {9DCC9977-F056-42D8-AE96-A6BA7B9D447B}
	EndGlobalSection
EndGlobal
