
Microsoft Visual Studio Solution File, Format Version 12.00
# Visual Studio Version 16
VisualStudioVersion = 16.0.32228.343
MinimumVisualStudioVersion = 10.0.40219.1
Project("{FAE04EC0-301F-11D3-BF4B-00C04F79EFBC}") = "ConsoleApp1", "ConsoleApp1\ConsoleApp1.csproj", "{274808CB-8C93-4A17-B54D-1438108D75FE}"
EndProject
Global
	GlobalSection(SolutionConfigurationPlatforms) = preSolution
		Debug|Any CPU = Debug|Any CPU
		Release|Any CPU = Release|Any CPU
	EndGlobalSection
	GlobalSection(ProjectConfigurationPlatforms) = postSolution
		{274808CB-8C93-4A17-B54D-1438108D75FE}.Debug|Any CPU.ActiveCfg = Debug|Any CPU
		{274808CB-8C93-4A17-B54D-1438108D75FE}.Debug|Any CPU.Build.0 = Debug|Any CPU
		{274808CB-8C93-4A17-B54D-1438108D75FE}.Release|Any CPU.ActiveCfg = Release|Any CPU
		{274808CB-8C93-4A17-B54D-1438108D75FE}.Release|Any CPU.Build.0 = Release|Any CPU
	EndGlobalSection
	GlobalSection(SolutionProperties) = preSolution
		HideSolutionNode = FALSE
	EndGlobalSection
	GlobalSection(ExtensibilityGlobals) = postSolution
		SolutionGuid = {43C4C233-ED3E-4D27-A590-DFF309E9AB4B}
	EndGlobalSection
EndGlobal
